// !$*UTF8*$!
{
	archiveVersion = 1;
	classes = {
	};
	objectVersion = 46;
	objects = {

/* Begin PBXFileReference section */
		C3264F621C31E33000E1D4D9 /* resume.html */ = {isa = PBXFileReference; lastKnownFileType = text.html; path = resume.html; sourceTree = "<group>"; };
		C3264F631C31F0ED00E1D4D9 /* links.html */ = {isa = PBXFileReference; lastKnownFileType = text.html; path = links.html; sourceTree = "<group>"; };
		C3264F641C3201F100E1D4D9 /* resume.css */ = {isa = PBXFileReference; lastKnownFileType = text.css; path = resume.css; sourceTree = "<group>"; };
		C3264F651C3205B500E1D4D9 /* about.html */ = {isa = PBXFileReference; lastKnownFileType = text.html; path = about.html; sourceTree = "<group>"; };
		C3264F661C3C8C9500E1D4D9 /* Tester.cpp */ = {isa = PBXFileReference; lastKnownFileType = sourcecode.cpp.cpp; path = Tester.cpp; sourceTree = "<group>"; };
		C33172751C2299A00063A033 /* codypham.html */ = {isa = PBXFileReference; lastKnownFileType = text.html; path = codypham.html; sourceTree = "<group>"; };
		C33172761C251DB70063A033 /* codypham.css */ = {isa = PBXFileReference; lastKnownFileType = text.css; path = codypham.css; sourceTree = "<group>"; };
/* End PBXFileReference section */

/* Begin PBXGroup section */
		C331726E1C22992D0063A033 = {
			isa = PBXGroup;
			children = (
				C3264F661C3C8C9500E1D4D9 /* Tester.cpp */,
				C33172751C2299A00063A033 /* codypham.html */,
				C3264F651C3205B500E1D4D9 /* about.html */,
				C3264F631C31F0ED00E1D4D9 /* links.html */,
				C3264F621C31E33000E1D4D9 /* resume.html */,
				C33172761C251DB70063A033 /* codypham.css */,
				C3264F641C3201F100E1D4D9 /* resume.css */,
			);
			sourceTree = "<group>";
		};
/* End PBXGroup section */

/* Begin PBXProject section */
		C331726F1C22992D0063A033 /* Project object */ = {
			isa = PBXProject;
			attributes = {
				LastUpgradeCheck = 0720;
			};
			buildConfigurationList = C33172721C22992D0063A033 /* Build configuration list for PBXProject "codypham.com" */;
			compatibilityVersion = "Xcode 3.2";
			developmentRegion = English;
			hasScannedForEncodings = 0;
			knownRegions = (
				en,
			);
			mainGroup = C331726E1C22992D0063A033;
			projectDirPath = "";
			projectRoot = "";
			targets = (
			);
		};
/* End PBXProject section */

/* Begin XCBuildConfiguration section */
		C33172731C22992D0063A033 /* Debug */ = {
			isa = XCBuildConfiguration;
			buildSettings = {
			};
			name = Debug;
		};
		C33172741C22992D0063A033 /* Release */ = {
			isa = XCBuildConfiguration;
			buildSettings = {
			};
			name = Release;
		};
/* End XCBuildConfiguration section */

/* Begin XCConfigurationList section */
		C33172721C22992D0063A033 /* Build configuration list for PBXProject "codypham.com" */ = {
			isa = XCConfigurationList;
			buildConfigurations = (
				C33172731C22992D0063A033 /* Debug */,
				C33172741C22992D0063A033 /* Release */,
			);
			defaultConfigurationIsVisible = 0;
			defaultConfigurationName = Release;
		};
/* End XCConfigurationList section */
	};
	rootObject = C331726F1C22992D0063A033 /* Project object */;
}
